{
  "name": "genmissionstatementimage",
  "version": "1.0.0",
  "lockfileVersion": 1,
  "requires": true,
  "dependencies": {
    "merge-images": {
      "version": "2.0.0",
      "resolved": "https://registry.npmjs.org/merge-images/-/merge-images-2.0.0.tgz",
      "integrity": "sha512-bpI4j54n/Zl6ZTgxaR3xWou/lqI53RAAt8peXijW37BKqoON83LQ7XCZqtFiwzBfEXIws1isYyR06584yffAyA=="
    }
  }
}
